
Microsoft Visual Studio Solution File, Format Version 12.00
# Visual Studio Version 17
VisualStudioVersion = 17.13.35919.96
MinimumVisualStudioVersion = 10.0.40219.1
Project("{2150E333-8FDC-42A3-9474-1A3956D46DE8}") = "ReportHub", "ReportHub", "{02EA681E-C7D8-13C7-8484-4AC65E1B71E8}"
EndProject
Project("{FAE04EC0-301F-11D3-BF4B-00C04F79EFBC}") = "ReportHub.API", "ReportHub.API\ReportHub.API.csproj", "{A5D658C7-AEE8-4296-BA07-91EEA9DD53C0}"
EndProject
Project("{FAE04EC0-301F-11D3-BF4B-00C04F79EFBC}") = "ReportHub.Domain", "ReportHub.Domain\ReportHub.Domain.csproj", "{8FC833B6-ADF8-4F3C-847C-EBD781078686}"
EndProject
Project("{FAE04EC0-301F-11D3-BF4B-00C04F79EFBC}") = "ReportHub.Application", "ReportHub.Application\ReportHub.Application.csproj", "{5D93AC01-58AA-4D21-B08C-08FFAA93AD4E}"
EndProject
Project("{FAE04EC0-301F-11D3-BF4B-00C04F79EFBC}") = "ReportHub.Infrastructure", "ReportHub.Infrastructure\ReportHub.Infrastructure.csproj", "{9DCD9927-8BEE-4FD6-845C-08029B590040}"
EndProject
Project("{FAE04EC0-301F-11D3-BF4B-00C04F79EFBC}") = "ReportHub.Tests", "ReportHub.Tests\ReportHub.Tests.csproj", "{309D795C-78A7-4F9B-BC7A-C4B9A42A6A4A}"
EndProject
Global
	GlobalSection(SolutionConfigurationPlatforms) = preSolution
		Debug|Any CPU = Debug|Any CPU
		Release|Any CPU = Release|Any CPU
	EndGlobalSection
	GlobalSection(ProjectConfigurationPlatforms) = postSolution
		{A5D658C7-AEE8-4296-BA07-91EEA9DD53C0}.Debug|Any CPU.ActiveCfg = Debug|Any CPU
		{A5D658C7-AEE8-4296-BA07-91EEA9DD53C0}.Debug|Any CPU.Build.0 = Debug|Any CPU
		{A5D658C7-AEE8-4296-BA07-91EEA9DD53C0}.Release|Any CPU.ActiveCfg = Release|Any CPU
		{A5D658C7-AEE8-4296-BA07-91EEA9DD53C0}.Release|Any CPU.Build.0 = Release|Any CPU
		{8FC833B6-ADF8-4F3C-847C-EBD781078686}.Debug|Any CPU.ActiveCfg = Debug|Any CPU
		{8FC833B6-ADF8-4F3C-847C-EBD781078686}.Debug|Any CPU.Build.0 = Debug|Any CPU
		{8FC833B6-ADF8-4F3C-847C-EBD781078686}.Release|Any CPU.ActiveCfg = Release|Any CPU
		{8FC833B6-ADF8-4F3C-847C-EBD781078686}.Release|Any CPU.Build.0 = Release|Any CPU
		{5D93AC01-58AA-4D21-B08C-08FFAA93AD4E}.Debug|Any CPU.ActiveCfg = Debug|Any CPU
		{5D93AC01-58AA-4D21-B08C-08FFAA93AD4E}.Debug|Any CPU.Build.0 = Debug|Any CPU
		{5D93AC01-58AA-4D21-B08C-08FFAA93AD4E}.Release|Any CPU.ActiveCfg = Release|Any CPU
		{5D93AC01-58AA-4D21-B08C-08FFAA93AD4E}.Release|Any CPU.Build.0 = Release|Any CPU
		{9DCD9927-8BEE-4FD6-845C-08029B590040}.Debug|Any CPU.ActiveCfg = Debug|Any CPU
		{9DCD9927-8BEE-4FD6-845C-08029B590040}.Debug|Any CPU.Build.0 = Debug|Any CPU
		{9DCD9927-8BEE-4FD6-845C-08029B590040}.Release|Any CPU.ActiveCfg = Release|Any CPU
		{9DCD9927-8BEE-4FD6-845C-08029B590040}.Release|Any CPU.Build.0 = Release|Any CPU
		{309D795C-78A7-4F9B-BC7A-C4B9A42A6A4A}.Debug|Any CPU.ActiveCfg = Debug|Any CPU
		{309D795C-78A7-4F9B-BC7A-C4B9A42A6A4A}.Debug|Any CPU.Build.0 = Debug|Any CPU
		{309D795C-78A7-4F9B-BC7A-C4B9A42A6A4A}.Release|Any CPU.ActiveCfg = Release|Any CPU
		{309D795C-78A7-4F9B-BC7A-C4B9A42A6A4A}.Release|Any CPU.Build.0 = Release|Any CPU
	EndGlobalSection
	GlobalSection(SolutionProperties) = preSolution
		HideSolutionNode = FALSE
	EndGlobalSection
	GlobalSection(NestedProjects) = preSolution
		{A5D658C7-AEE8-4296-BA07-91EEA9DD53C0} = {02EA681E-C7D8-13C7-8484-4AC65E1B71E8}
		{8FC833B6-ADF8-4F3C-847C-EBD781078686} = {02EA681E-C7D8-13C7-8484-4AC65E1B71E8}
		{5D93AC01-58AA-4D21-B08C-08FFAA93AD4E} = {02EA681E-C7D8-13C7-8484-4AC65E1B71E8}
		{9DCD9927-8BEE-4FD6-845C-08029B590040} = {02EA681E-C7D8-13C7-8484-4AC65E1B71E8}
		{309D795C-78A7-4F9B-BC7A-C4B9A42A6A4A} = {02EA681E-C7D8-13C7-8484-4AC65E1B71E8}
	EndGlobalSection
	GlobalSection(ExtensibilityGlobals) = postSolution
		SolutionGuid = {49EA3A21-9725-40A5-9768-FE06B9DE3A2D}
	EndGlobalSection
EndGlobal
